
Microsoft Visual Studio Solution File, Format Version 12.00
# Visual Studio 15
VisualStudioVersion = 15.0.27703.2042
MinimumVisualStudioVersion = 10.0.40219.1
Project("{FAE04EC0-301F-11D3-BF4B-00C04F79EFBC}") = "CarNegotiator", "CarNegotiator\CarNegotiator.csproj", "{B7BCD08E-D7CA-4AD0-98B7-7E639CD66DEA}"
EndProject
Global
	GlobalSection(SolutionConfigurationPlatforms) = preSolution
		Debug|Any CPU = Debug|Any CPU
		Release|Any CPU = Release|Any CPU
	EndGlobalSection
	GlobalSection(ProjectConfigurationPlatforms) = postSolution
		{B7BCD08E-D7CA-4AD0-98B7-7E639CD66DEA}.Debug|Any CPU.ActiveCfg = Debug|Any CPU
		{B7BCD08E-D7CA-4AD0-98B7-7E639CD66DEA}.Debug|Any CPU.Build.0 = Debug|Any CPU
		{B7BCD08E-D7CA-4AD0-98B7-7E639CD66DEA}.Release|Any CPU.ActiveCfg = Release|Any CPU
		{B7BCD08E-D7CA-4AD0-98B7-7E639CD66DEA}.Release|Any CPU.Build.0 = Release|Any CPU
	EndGlobalSection
	GlobalSection(SolutionProperties) = preSolution
		HideSolutionNode = FALSE
	EndGlobalSection
	GlobalSection(ExtensibilityGlobals) = postSolution
		SolutionGuid = {490B8BDF-DA96-4C7B-8ABA-0C05640A7AEF}
	EndGlobalSection
EndGlobal
